
Microsoft Visual Studio Solution File, Format Version 12.00
# Visual Studio Version 17
VisualStudioVersion = 17.11.35312.102
MinimumVisualStudioVersion = 10.0.40219.1
Project("{FAE04EC0-301F-11D3-BF4B-00C04F79EFBC}") = "12-13_LR", "12-13_LR\12-13_LR.csproj", "{EBE330F8-21A5-49BE-A0D2-C0C9E22BBF2E}"
EndProject
Global
	GlobalSection(SolutionConfigurationPlatforms) = preSolution
		Debug|Any CPU = Debug|Any CPU
		Release|Any CPU = Release|Any CPU
	EndGlobalSection
	GlobalSection(ProjectConfigurationPlatforms) = postSolution
		{EBE330F8-21A5-49BE-A0D2-C0C9E22BBF2E}.Debug|Any CPU.ActiveCfg = Debug|Any CPU
		{EBE330F8-21A5-49BE-A0D2-C0C9E22BBF2E}.Debug|Any CPU.Build.0 = Debug|Any CPU
		{EBE330F8-21A5-49BE-A0D2-C0C9E22BBF2E}.Release|Any CPU.ActiveCfg = Release|Any CPU
		{EBE330F8-21A5-49BE-A0D2-C0C9E22BBF2E}.Release|Any CPU.Build.0 = Release|Any CPU
	EndGlobalSection
	GlobalSection(SolutionProperties) = preSolution
		HideSolutionNode = FALSE
	EndGlobalSection
	GlobalSection(ExtensibilityGlobals) = postSolution
		SolutionGuid = {D21A4635-BA97-4D28-BDF3-926E574D0145}
	EndGlobalSection
EndGlobal
